
Microsoft Visual Studio Solution File, Format Version 12.00
# Visual Studio Version 17
VisualStudioVersion = 17.6.33801.468
MinimumVisualStudioVersion = 10.0.40219.1
Project("{FAE04EC0-301F-11D3-BF4B-00C04F79EFBC}") = "Web_API_demo", "Web_API_demo\Web_API_demo.csproj", "{09C4E380-C1C1-4287-A5DA-83DBB6600E34}"
EndProject
Global
	GlobalSection(SolutionConfigurationPlatforms) = preSolution
		Debug|Any CPU = Debug|Any CPU
		Release|Any CPU = Release|Any CPU
	EndGlobalSection
	GlobalSection(ProjectConfigurationPlatforms) = postSolution
		{09C4E380-C1C1-4287-A5DA-83DBB6600E34}.Debug|Any CPU.ActiveCfg = Debug|Any CPU
		{09C4E380-C1C1-4287-A5DA-83DBB6600E34}.Debug|Any CPU.Build.0 = Debug|Any CPU
		{09C4E380-C1C1-4287-A5DA-83DBB6600E34}.Release|Any CPU.ActiveCfg = Release|Any CPU
		{09C4E380-C1C1-4287-A5DA-83DBB6600E34}.Release|Any CPU.Build.0 = Release|Any CPU
	EndGlobalSection
	GlobalSection(SolutionProperties) = preSolution
		HideSolutionNode = FALSE
	EndGlobalSection
	GlobalSection(ExtensibilityGlobals) = postSolution
		SolutionGuid = {9169F349-8784-4826-B3DE-2540F80B99E2}
	EndGlobalSection
EndGlobal
